
Microsoft Visual Studio Solution File, Format Version 12.00
# Visual Studio 15
VisualStudioVersion = 15.0.26124.0
MinimumVisualStudioVersion = 15.0.26124.0
Project("{FAE04EC0-301F-11D3-BF4B-00C04F79EFBC}") = "Domain", "Domain\Domain.csproj", "{F9C5B348-57C9-45D2-A20B-6A3D4C76D0C7}"
EndProject
Project("{FAE04EC0-301F-11D3-BF4B-00C04F79EFBC}") = "Application", "Application\Application.csproj", "{52146B1A-EBC9-4DBD-BBB7-6636A82D52E9}"
EndProject
Project("{FAE04EC0-301F-11D3-BF4B-00C04F79EFBC}") = "API", "API\API.csproj", "{2E2ADA70-35D6-4F26-8A58-1434F786182F}"
EndProject
Project("{FAE04EC0-301F-11D3-BF4B-00C04F79EFBC}") = "Persistence", "Persistence\Persistence.csproj", "{8501F558-E7FA-4944-B884-8E9E6CD9E372}"
EndProject
Project("{FAE04EC0-301F-11D3-BF4B-00C04F79EFBC}") = "Infrastrucure", "Infrastrucure\Infrastrucure.csproj", "{5123FE30-A71A-4934-82C7-5B99756536D5}"
EndProject
Global
	GlobalSection(SolutionConfigurationPlatforms) = preSolution
		Debug|Any CPU = Debug|Any CPU
		Debug|x64 = Debug|x64
		Debug|x86 = Debug|x86
		Release|Any CPU = Release|Any CPU
		Release|x64 = Release|x64
		Release|x86 = Release|x86
	EndGlobalSection
	GlobalSection(SolutionProperties) = preSolution
		HideSolutionNode = FALSE
	EndGlobalSection
	GlobalSection(ProjectConfigurationPlatforms) = postSolution
		{F9C5B348-57C9-45D2-A20B-6A3D4C76D0C7}.Debug|Any CPU.ActiveCfg = Debug|Any CPU
		{F9C5B348-57C9-45D2-A20B-6A3D4C76D0C7}.Debug|Any CPU.Build.0 = Debug|Any CPU
		{F9C5B348-57C9-45D2-A20B-6A3D4C76D0C7}.Debug|x64.ActiveCfg = Debug|Any CPU
		{F9C5B348-57C9-45D2-A20B-6A3D4C76D0C7}.Debug|x64.Build.0 = Debug|Any CPU
		{F9C5B348-57C9-45D2-A20B-6A3D4C76D0C7}.Debug|x86.ActiveCfg = Debug|Any CPU
		{F9C5B348-57C9-45D2-A20B-6A3D4C76D0C7}.Debug|x86.Build.0 = Debug|Any CPU
		{F9C5B348-57C9-45D2-A20B-6A3D4C76D0C7}.Release|Any CPU.ActiveCfg = Release|Any CPU
		{F9C5B348-57C9-45D2-A20B-6A3D4C76D0C7}.Release|Any CPU.Build.0 = Release|Any CPU
		{F9C5B348-57C9-45D2-A20B-6A3D4C76D0C7}.Release|x64.ActiveCfg = Release|Any CPU
		{F9C5B348-57C9-45D2-A20B-6A3D4C76D0C7}.Release|x64.Build.0 = Release|Any CPU
		{F9C5B348-57C9-45D2-A20B-6A3D4C76D0C7}.Release|x86.ActiveCfg = Release|Any CPU
		{F9C5B348-57C9-45D2-A20B-6A3D4C76D0C7}.Release|x86.Build.0 = Release|Any CPU
		{52146B1A-EBC9-4DBD-BBB7-6636A82D52E9}.Debug|Any CPU.ActiveCfg = Debug|Any CPU
		{52146B1A-EBC9-4DBD-BBB7-6636A82D52E9}.Debug|Any CPU.Build.0 = Debug|Any CPU
		{52146B1A-EBC9-4DBD-BBB7-6636A82D52E9}.Debug|x64.ActiveCfg = Debug|Any CPU
		{52146B1A-EBC9-4DBD-BBB7-6636A82D52E9}.Debug|x64.Build.0 = Debug|Any CPU
		{52146B1A-EBC9-4DBD-BBB7-6636A82D52E9}.Debug|x86.ActiveCfg = Debug|Any CPU
		{52146B1A-EBC9-4DBD-BBB7-6636A82D52E9}.Debug|x86.Build.0 = Debug|Any CPU
		{52146B1A-EBC9-4DBD-BBB7-6636A82D52E9}.Release|Any CPU.ActiveCfg = Release|Any CPU
		{52146B1A-EBC9-4DBD-BBB7-6636A82D52E9}.Release|Any CPU.Build.0 = Release|Any CPU
		{52146B1A-EBC9-4DBD-BBB7-6636A82D52E9}.Release|x64.ActiveCfg = Release|Any CPU
		{52146B1A-EBC9-4DBD-BBB7-6636A82D52E9}.Release|x64.Build.0 = Release|Any CPU
		{52146B1A-EBC9-4DBD-BBB7-6636A82D52E9}.Release|x86.ActiveCfg = Release|Any CPU
		{52146B1A-EBC9-4DBD-BBB7-6636A82D52E9}.Release|x86.Build.0 = Release|Any CPU
		{2E2ADA70-35D6-4F26-8A58-1434F786182F}.Debug|Any CPU.ActiveCfg = Debug|Any CPU
		{2E2ADA70-35D6-4F26-8A58-1434F786182F}.Debug|Any CPU.Build.0 = Debug|Any CPU
		{2E2ADA70-35D6-4F26-8A58-1434F786182F}.Debug|x64.ActiveCfg = Debug|Any CPU
		{2E2ADA70-35D6-4F26-8A58-1434F786182F}.Debug|x64.Build.0 = Debug|Any CPU
		{2E2ADA70-35D6-4F26-8A58-1434F786182F}.Debug|x86.ActiveCfg = Debug|Any CPU
		{2E2ADA70-35D6-4F26-8A58-1434F786182F}.Debug|x86.Build.0 = Debug|Any CPU
		{2E2ADA70-35D6-4F26-8A58-1434F786182F}.Release|Any CPU.ActiveCfg = Release|Any CPU
		{2E2ADA70-35D6-4F26-8A58-1434F786182F}.Release|Any CPU.Build.0 = Release|Any CPU
		{2E2ADA70-35D6-4F26-8A58-1434F786182F}.Release|x64.ActiveCfg = Release|Any CPU
		{2E2ADA70-35D6-4F26-8A58-1434F786182F}.Release|x64.Build.0 = Release|Any CPU
		{2E2ADA70-35D6-4F26-8A58-1434F786182F}.Release|x86.ActiveCfg = Release|Any CPU
		{2E2ADA70-35D6-4F26-8A58-1434F786182F}.Release|x86.Build.0 = Release|Any CPU
		{8501F558-E7FA-4944-B884-8E9E6CD9E372}.Debug|Any CPU.ActiveCfg = Debug|Any CPU
		{8501F558-E7FA-4944-B884-8E9E6CD9E372}.Debug|Any CPU.Build.0 = Debug|Any CPU
		{8501F558-E7FA-4944-B884-8E9E6CD9E372}.Debug|x64.ActiveCfg = Debug|Any CPU
		{8501F558-E7FA-4944-B884-8E9E6CD9E372}.Debug|x64.Build.0 = Debug|Any CPU
		{8501F558-E7FA-4944-B884-8E9E6CD9E372}.Debug|x86.ActiveCfg = Debug|Any CPU
		{8501F558-E7FA-4944-B884-8E9E6CD9E372}.Debug|x86.Build.0 = Debug|Any CPU
		{8501F558-E7FA-4944-B884-8E9E6CD9E372}.Release|Any CPU.ActiveCfg = Release|Any CPU
		{8501F558-E7FA-4944-B884-8E9E6CD9E372}.Release|Any CPU.Build.0 = Release|Any CPU
		{8501F558-E7FA-4944-B884-8E9E6CD9E372}.Release|x64.ActiveCfg = Release|Any CPU
		{8501F558-E7FA-4944-B884-8E9E6CD9E372}.Release|x64.Build.0 = Release|Any CPU
		{8501F558-E7FA-4944-B884-8E9E6CD9E372}.Release|x86.ActiveCfg = Release|Any CPU
		{8501F558-E7FA-4944-B884-8E9E6CD9E372}.Release|x86.Build.0 = Release|Any CPU
		{5123FE30-A71A-4934-82C7-5B99756536D5}.Debug|Any CPU.ActiveCfg = Debug|Any CPU
		{5123FE30-A71A-4934-82C7-5B99756536D5}.Debug|Any CPU.Build.0 = Debug|Any CPU
		{5123FE30-A71A-4934-82C7-5B99756536D5}.Debug|x64.ActiveCfg = Debug|Any CPU
		{5123FE30-A71A-4934-82C7-5B99756536D5}.Debug|x64.Build.0 = Debug|Any CPU
		{5123FE30-A71A-4934-82C7-5B99756536D5}.Debug|x86.ActiveCfg = Debug|Any CPU
		{5123FE30-A71A-4934-82C7-5B99756536D5}.Debug|x86.Build.0 = Debug|Any CPU
		{5123FE30-A71A-4934-82C7-5B99756536D5}.Release|Any CPU.ActiveCfg = Release|Any CPU
		{5123FE30-A71A-4934-82C7-5B99756536D5}.Release|Any CPU.Build.0 = Release|Any CPU
		{5123FE30-A71A-4934-82C7-5B99756536D5}.Release|x64.ActiveCfg = Release|Any CPU
		{5123FE30-A71A-4934-82C7-5B99756536D5}.Release|x64.Build.0 = Release|Any CPU
		{5123FE30-A71A-4934-82C7-5B99756536D5}.Release|x86.ActiveCfg = Release|Any CPU
		{5123FE30-A71A-4934-82C7-5B99756536D5}.Release|x86.Build.0 = Release|Any CPU
	EndGlobalSection
EndGlobal
